
Microsoft Visual Studio Solution File, Format Version 12.00
# Visual Studio Version 17
VisualStudioVersion = 17.5.33627.172
MinimumVisualStudioVersion = 10.0.40219.1
Project("{9A19103F-16F7-4668-BE54-9A1E7A4F7556}") = "SwissChessApp", "SwissChessApp.csproj", "{77EEEEFC-AA5F-41FA-917E-A4B6521A21D4}"
EndProject
Project("{FAE04EC0-301F-11D3-BF4B-00C04F79EFBC}") = "DisplayBase", "DisplayBase\DisplayBase.csproj", "{C9C0B7E8-132D-4EDC-A210-5A0865D2C384}"
EndProject
Project("{9A19103F-16F7-4668-BE54-9A1E7A4F7556}") = "DrawBase", "DrawBase\DrawBase.csproj", "{08DA73CC-D043-48E1-8751-4DA9A251AB86}"
EndProject
Global
	GlobalSection(SolutionConfigurationPlatforms) = preSolution
		Debug|Any CPU = Debug|Any CPU
		Release|Any CPU = Release|Any CPU
	EndGlobalSection
	GlobalSection(ProjectConfigurationPlatforms) = postSolution
		{77EEEEFC-AA5F-41FA-917E-A4B6521A21D4}.Debug|Any CPU.ActiveCfg = Debug|Any CPU
		{77EEEEFC-AA5F-41FA-917E-A4B6521A21D4}.Debug|Any CPU.Build.0 = Debug|Any CPU
		{77EEEEFC-AA5F-41FA-917E-A4B6521A21D4}.Release|Any CPU.ActiveCfg = Release|Any CPU
		{77EEEEFC-AA5F-41FA-917E-A4B6521A21D4}.Release|Any CPU.Build.0 = Release|Any CPU
		{C9C0B7E8-132D-4EDC-A210-5A0865D2C384}.Debug|Any CPU.ActiveCfg = Debug|Any CPU
		{C9C0B7E8-132D-4EDC-A210-5A0865D2C384}.Debug|Any CPU.Build.0 = Debug|Any CPU
		{C9C0B7E8-132D-4EDC-A210-5A0865D2C384}.Release|Any CPU.ActiveCfg = Release|Any CPU
		{C9C0B7E8-132D-4EDC-A210-5A0865D2C384}.Release|Any CPU.Build.0 = Release|Any CPU
		{08DA73CC-D043-48E1-8751-4DA9A251AB86}.Debug|Any CPU.ActiveCfg = Debug|Any CPU
		{08DA73CC-D043-48E1-8751-4DA9A251AB86}.Debug|Any CPU.Build.0 = Debug|Any CPU
		{08DA73CC-D043-48E1-8751-4DA9A251AB86}.Release|Any CPU.ActiveCfg = Release|Any CPU
		{08DA73CC-D043-48E1-8751-4DA9A251AB86}.Release|Any CPU.Build.0 = Release|Any CPU
	EndGlobalSection
	GlobalSection(SolutionProperties) = preSolution
		HideSolutionNode = FALSE
	EndGlobalSection
	GlobalSection(ExtensibilityGlobals) = postSolution
		SolutionGuid = {116B08FC-7DF4-4B8E-9B76-D243303AF158}
	EndGlobalSection
EndGlobal
