
Microsoft Visual Studio Solution File, Format Version 12.00
# Visual Studio Version 17
VisualStudioVersion = 17.5.33516.290
MinimumVisualStudioVersion = 10.0.40219.1
Project("{FAE04EC0-301F-11D3-BF4B-00C04F79EFBC}") = "SWT-Converter", "SWT-Converter\SWT-Converter.csproj", "{936762F9-8F8B-4925-91AB-199F1F81D37E}"
EndProject
Project("{9A19103F-16F7-4668-BE54-9A1E7A4F7556}") = "DrawBase", "..\DrawBase\DrawBase.csproj", "{79D3674E-6573-4CE6-8A39-85FF32FCB619}"
EndProject
Global
	GlobalSection(SolutionConfigurationPlatforms) = preSolution
		Debug|Any CPU = Debug|Any CPU
		Release|Any CPU = Release|Any CPU
	EndGlobalSection
	GlobalSection(ProjectConfigurationPlatforms) = postSolution
		{936762F9-8F8B-4925-91AB-199F1F81D37E}.Debug|Any CPU.ActiveCfg = Debug|Any CPU
		{936762F9-8F8B-4925-91AB-199F1F81D37E}.Debug|Any CPU.Build.0 = Debug|Any CPU
		{936762F9-8F8B-4925-91AB-199F1F81D37E}.Release|Any CPU.ActiveCfg = Release|Any CPU
		{936762F9-8F8B-4925-91AB-199F1F81D37E}.Release|Any CPU.Build.0 = Release|Any CPU
		{79D3674E-6573-4CE6-8A39-85FF32FCB619}.Debug|Any CPU.ActiveCfg = Debug|Any CPU
		{79D3674E-6573-4CE6-8A39-85FF32FCB619}.Debug|Any CPU.Build.0 = Debug|Any CPU
		{79D3674E-6573-4CE6-8A39-85FF32FCB619}.Release|Any CPU.ActiveCfg = Release|Any CPU
		{79D3674E-6573-4CE6-8A39-85FF32FCB619}.Release|Any CPU.Build.0 = Release|Any CPU
	EndGlobalSection
	GlobalSection(SolutionProperties) = preSolution
		HideSolutionNode = FALSE
	EndGlobalSection
	GlobalSection(ExtensibilityGlobals) = postSolution
		SolutionGuid = {0B29CA07-82B4-46F1-A6F9-DB3FD68CB91A}
	EndGlobalSection
EndGlobal
