
Microsoft Visual Studio Solution File, Format Version 12.00
# Visual Studio Version 17
VisualStudioVersion = 17.8.34330.188
MinimumVisualStudioVersion = 10.0.40219.1
Project("{9A19103F-16F7-4668-BE54-9A1E7A4F7556}") = "DrawBase", "DrawBase.csproj", "{D96D16E0-70C3-439B-917B-AFB9C5F1E8A7}"
EndProject
Global
	GlobalSection(SolutionConfigurationPlatforms) = preSolution
		Debug|Any CPU = Debug|Any CPU
		Release|Any CPU = Release|Any CPU
	EndGlobalSection
	GlobalSection(ProjectConfigurationPlatforms) = postSolution
		{D96D16E0-70C3-439B-917B-AFB9C5F1E8A7}.Debug|Any CPU.ActiveCfg = Debug|Any CPU
		{D96D16E0-70C3-439B-917B-AFB9C5F1E8A7}.Debug|Any CPU.Build.0 = Debug|Any CPU
		{D96D16E0-70C3-439B-917B-AFB9C5F1E8A7}.Release|Any CPU.ActiveCfg = Release|Any CPU
		{D96D16E0-70C3-439B-917B-AFB9C5F1E8A7}.Release|Any CPU.Build.0 = Release|Any CPU
	EndGlobalSection
	GlobalSection(SolutionProperties) = preSolution
		HideSolutionNode = FALSE
	EndGlobalSection
	GlobalSection(ExtensibilityGlobals) = postSolution
		SolutionGuid = {A646018F-05FF-46CE-94D8-46D024086D69}
	EndGlobalSection
EndGlobal
